{
  "name": "npm-demo-rja87sd",
  "version": "2.0.0",
  "lockfileVersion": 3,
  "requires": true,
  "packages": {
    "": {
      "name": "npm-demo-rja87sd",
      "version": "2.0.0",
      "license": "MIT",
      "dependencies": {
        "node-assignment-4-rja87sd": "^1.0.0",
        "string-utils-rja87sd": "^1.0.0"
      }
    },
    "node_modules/node-assignment-4-rja87sd": {
      "version": "1.0.0",
      "resolved": "https://registry.npmjs.org/node-assignment-4-rja87sd/-/node-assignment-4-rja87sd-1.0.0.tgz",
      "integrity": "sha512-0TAWqe8ETPK9Fvpnqs/R3hdCFDbXZ18OKfQAIuXakkxlUO+Mn8yBfceOrFqrfa2MnE0dfFQTsptt0oO+CSpHQw=="
    },
    "node_modules/string-utils-rja87sd": {
      "version": "1.0.0",
      "resolved": "https://registry.npmjs.org/string-utils-rja87sd/-/string-utils-rja87sd-1.0.0.tgz",
      "integrity": "sha512-wvr2lOvyQSTFf9ioeFvQbnq1j5uD5EQspE2AIwpn7PJ1z+JKTexNDwJ+EdlMDzhPa3rfzWAYVEAb7+ANbf0Hbw=="
    }
  }
}
